
Microsoft Visual Studio Solution File, Format Version 12.00
# Visual Studio Version 17
VisualStudioVersion = 17.6.33815.320
MinimumVisualStudioVersion = 10.0.40219.1
Project("{FAE04EC0-301F-11D3-BF4B-00C04F79EFBC}") = "user-list-page", "user-list-page\user-list-page.csproj", "{AF5C65B7-2580-445C-81C2-C56241B09FFF}"
EndProject
Global
	GlobalSection(SolutionConfigurationPlatforms) = preSolution
		Debug|Any CPU = Debug|Any CPU
		Release|Any CPU = Release|Any CPU
	EndGlobalSection
	GlobalSection(ProjectConfigurationPlatforms) = postSolution
		{AF5C65B7-2580-445C-81C2-C56241B09FFF}.Debug|Any CPU.ActiveCfg = Debug|Any CPU
		{AF5C65B7-2580-445C-81C2-C56241B09FFF}.Debug|Any CPU.Build.0 = Debug|Any CPU
		{AF5C65B7-2580-445C-81C2-C56241B09FFF}.Release|Any CPU.ActiveCfg = Release|Any CPU
		{AF5C65B7-2580-445C-81C2-C56241B09FFF}.Release|Any CPU.Build.0 = Release|Any CPU
	EndGlobalSection
	GlobalSection(SolutionProperties) = preSolution
		HideSolutionNode = FALSE
	EndGlobalSection
	GlobalSection(ExtensibilityGlobals) = postSolution
		SolutionGuid = {F12A59FE-6969-4C45-80EF-17C203B55818}
	EndGlobalSection
EndGlobal
